
Microsoft Visual Studio Solution File, Format Version 12.00
# Visual Studio Version 17
VisualStudioVersion = 17.8.34511.84
MinimumVisualStudioVersion = 10.0.40219.1
Project("{FAE04EC0-301F-11D3-BF4B-00C04F79EFBC}") = "Getter-Setter2", "Getter-Setter2\Getter-Setter2.csproj", "{1D165EBF-33F3-465E-8D79-5DECF2138FBE}"
EndProject
Global
	GlobalSection(SolutionConfigurationPlatforms) = preSolution
		Debug|Any CPU = Debug|Any CPU
		Release|Any CPU = Release|Any CPU
	EndGlobalSection
	GlobalSection(ProjectConfigurationPlatforms) = postSolution
		{1D165EBF-33F3-465E-8D79-5DECF2138FBE}.Debug|Any CPU.ActiveCfg = Debug|Any CPU
		{1D165EBF-33F3-465E-8D79-5DECF2138FBE}.Debug|Any CPU.Build.0 = Debug|Any CPU
		{1D165EBF-33F3-465E-8D79-5DECF2138FBE}.Release|Any CPU.ActiveCfg = Release|Any CPU
		{1D165EBF-33F3-465E-8D79-5DECF2138FBE}.Release|Any CPU.Build.0 = Release|Any CPU
	EndGlobalSection
	GlobalSection(SolutionProperties) = preSolution
		HideSolutionNode = FALSE
	EndGlobalSection
	GlobalSection(ExtensibilityGlobals) = postSolution
		SolutionGuid = {5359DEA5-B150-499A-A8E7-D1F8F339499D}
	EndGlobalSection
EndGlobal
